
Microsoft Visual Studio Solution File, Format Version 11.00
# Visual Studio 2010
Project("{FAE04EC0-301F-11D3-BF4B-00C04F79EFBC}") = "Program_03_ConvertirValores", "Program_03_ConvertirValores\Program_03_ConvertirValores.csproj", "{59551791-3388-4EC9-9C4D-E837513B06AB}"
EndProject
Global
	GlobalSection(SolutionConfigurationPlatforms) = preSolution
		Debug|x86 = Debug|x86
		Release|x86 = Release|x86
	EndGlobalSection
	GlobalSection(ProjectConfigurationPlatforms) = postSolution
		{59551791-3388-4EC9-9C4D-E837513B06AB}.Debug|x86.ActiveCfg = Debug|x86
		{59551791-3388-4EC9-9C4D-E837513B06AB}.Debug|x86.Build.0 = Debug|x86
		{59551791-3388-4EC9-9C4D-E837513B06AB}.Release|x86.ActiveCfg = Release|x86
		{59551791-3388-4EC9-9C4D-E837513B06AB}.Release|x86.Build.0 = Release|x86
	EndGlobalSection
	GlobalSection(SolutionProperties) = preSolution
		HideSolutionNode = FALSE
	EndGlobalSection
EndGlobal
